
Microsoft Visual Studio Solution File, Format Version 12.00
# Visual Studio Version 16
VisualStudioVersion = 16.0.31205.134
MinimumVisualStudioVersion = 10.0.40219.1
Project("{FAE04EC0-301F-11D3-BF4B-00C04F79EFBC}") = "ExpoEjemplo.Android", "ExpoEjemplo\ExpoEjemplo.Android\ExpoEjemplo.Android.csproj", "{369FC425-42EF-47C8-A51A-2D4B14605A5D}"
EndProject
Project("{FAE04EC0-301F-11D3-BF4B-00C04F79EFBC}") = "ExpoEjemplo.iOS", "ExpoEjemplo\ExpoEjemplo.iOS\ExpoEjemplo.iOS.csproj", "{ED89AC25-54AC-40C9-A3BE-7BC0D32661C0}"
EndProject
Project("{FAE04EC0-301F-11D3-BF4B-00C04F79EFBC}") = "ExpoEjemplo", "ExpoEjemplo\ExpoEjemplo\ExpoEjemplo.csproj", "{D7E7C376-52F6-40C7-8447-C0F36D244194}"
EndProject
Global
	GlobalSection(SolutionConfigurationPlatforms) = preSolution
		Debug|Any CPU = Debug|Any CPU
		Debug|iPhone = Debug|iPhone
		Debug|iPhoneSimulator = Debug|iPhoneSimulator
		Release|Any CPU = Release|Any CPU
		Release|iPhone = Release|iPhone
		Release|iPhoneSimulator = Release|iPhoneSimulator
	EndGlobalSection
	GlobalSection(ProjectConfigurationPlatforms) = postSolution
		{369FC425-42EF-47C8-A51A-2D4B14605A5D}.Debug|Any CPU.ActiveCfg = Debug|Any CPU
		{369FC425-42EF-47C8-A51A-2D4B14605A5D}.Debug|Any CPU.Build.0 = Debug|Any CPU
		{369FC425-42EF-47C8-A51A-2D4B14605A5D}.Debug|Any CPU.Deploy.0 = Debug|Any CPU
		{369FC425-42EF-47C8-A51A-2D4B14605A5D}.Debug|iPhone.ActiveCfg = Debug|Any CPU
		{369FC425-42EF-47C8-A51A-2D4B14605A5D}.Debug|iPhone.Build.0 = Debug|Any CPU
		{369FC425-42EF-47C8-A51A-2D4B14605A5D}.Debug|iPhone.Deploy.0 = Debug|Any CPU
		{369FC425-42EF-47C8-A51A-2D4B14605A5D}.Debug|iPhoneSimulator.ActiveCfg = Debug|Any CPU
		{369FC425-42EF-47C8-A51A-2D4B14605A5D}.Debug|iPhoneSimulator.Build.0 = Debug|Any CPU
		{369FC425-42EF-47C8-A51A-2D4B14605A5D}.Debug|iPhoneSimulator.Deploy.0 = Debug|Any CPU
		{369FC425-42EF-47C8-A51A-2D4B14605A5D}.Release|Any CPU.ActiveCfg = Release|Any CPU
		{369FC425-42EF-47C8-A51A-2D4B14605A5D}.Release|Any CPU.Build.0 = Release|Any CPU
		{369FC425-42EF-47C8-A51A-2D4B14605A5D}.Release|Any CPU.Deploy.0 = Release|Any CPU
		{369FC425-42EF-47C8-A51A-2D4B14605A5D}.Release|iPhone.ActiveCfg = Release|Any CPU
		{369FC425-42EF-47C8-A51A-2D4B14605A5D}.Release|iPhone.Build.0 = Release|Any CPU
		{369FC425-42EF-47C8-A51A-2D4B14605A5D}.Release|iPhone.Deploy.0 = Release|Any CPU
		{369FC425-42EF-47C8-A51A-2D4B14605A5D}.Release|iPhoneSimulator.ActiveCfg = Release|Any CPU
		{369FC425-42EF-47C8-A51A-2D4B14605A5D}.Release|iPhoneSimulator.Build.0 = Release|Any CPU
		{369FC425-42EF-47C8-A51A-2D4B14605A5D}.Release|iPhoneSimulator.Deploy.0 = Release|Any CPU
		{ED89AC25-54AC-40C9-A3BE-7BC0D32661C0}.Debug|Any CPU.ActiveCfg = Debug|iPhone
		{ED89AC25-54AC-40C9-A3BE-7BC0D32661C0}.Debug|Any CPU.Build.0 = Debug|iPhone
		{ED89AC25-54AC-40C9-A3BE-7BC0D32661C0}.Debug|Any CPU.Deploy.0 = Debug|iPhone
		{ED89AC25-54AC-40C9-A3BE-7BC0D32661C0}.Debug|iPhone.ActiveCfg = Debug|iPhone
		{ED89AC25-54AC-40C9-A3BE-7BC0D32661C0}.Debug|iPhone.Build.0 = Debug|iPhone
		{ED89AC25-54AC-40C9-A3BE-7BC0D32661C0}.Debug|iPhone.Deploy.0 = Debug|iPhone
		{ED89AC25-54AC-40C9-A3BE-7BC0D32661C0}.Debug|iPhoneSimulator.ActiveCfg = Debug|iPhoneSimulator
		{ED89AC25-54AC-40C9-A3BE-7BC0D32661C0}.Debug|iPhoneSimulator.Build.0 = Debug|iPhoneSimulator
		{ED89AC25-54AC-40C9-A3BE-7BC0D32661C0}.Debug|iPhoneSimulator.Deploy.0 = Debug|iPhoneSimulator
		{ED89AC25-54AC-40C9-A3BE-7BC0D32661C0}.Release|Any CPU.ActiveCfg = Release|iPhoneSimulator
		{ED89AC25-54AC-40C9-A3BE-7BC0D32661C0}.Release|Any CPU.Build.0 = Release|iPhoneSimulator
		{ED89AC25-54AC-40C9-A3BE-7BC0D32661C0}.Release|Any CPU.Deploy.0 = Release|iPhoneSimulator
		{ED89AC25-54AC-40C9-A3BE-7BC0D32661C0}.Release|iPhone.ActiveCfg = Release|iPhone
		{ED89AC25-54AC-40C9-A3BE-7BC0D32661C0}.Release|iPhone.Build.0 = Release|iPhone
		{ED89AC25-54AC-40C9-A3BE-7BC0D32661C0}.Release|iPhone.Deploy.0 = Release|iPhone
		{ED89AC25-54AC-40C9-A3BE-7BC0D32661C0}.Release|iPhoneSimulator.ActiveCfg = Release|iPhoneSimulator
		{ED89AC25-54AC-40C9-A3BE-7BC0D32661C0}.Release|iPhoneSimulator.Build.0 = Release|iPhoneSimulator
		{ED89AC25-54AC-40C9-A3BE-7BC0D32661C0}.Release|iPhoneSimulator.Deploy.0 = Release|iPhoneSimulator
		{D7E7C376-52F6-40C7-8447-C0F36D244194}.Debug|Any CPU.ActiveCfg = Debug|Any CPU
		{D7E7C376-52F6-40C7-8447-C0F36D244194}.Debug|Any CPU.Build.0 = Debug|Any CPU
		{D7E7C376-52F6-40C7-8447-C0F36D244194}.Debug|Any CPU.Deploy.0 = Debug|Any CPU
		{D7E7C376-52F6-40C7-8447-C0F36D244194}.Debug|iPhone.ActiveCfg = Debug|Any CPU
		{D7E7C376-52F6-40C7-8447-C0F36D244194}.Debug|iPhone.Build.0 = Debug|Any CPU
		{D7E7C376-52F6-40C7-8447-C0F36D244194}.Debug|iPhone.Deploy.0 = Debug|Any CPU
		{D7E7C376-52F6-40C7-8447-C0F36D244194}.Debug|iPhoneSimulator.ActiveCfg = Debug|Any CPU
		{D7E7C376-52F6-40C7-8447-C0F36D244194}.Debug|iPhoneSimulator.Build.0 = Debug|Any CPU
		{D7E7C376-52F6-40C7-8447-C0F36D244194}.Debug|iPhoneSimulator.Deploy.0 = Debug|Any CPU
		{D7E7C376-52F6-40C7-8447-C0F36D244194}.Release|Any CPU.ActiveCfg = Release|Any CPU
		{D7E7C376-52F6-40C7-8447-C0F36D244194}.Release|Any CPU.Build.0 = Release|Any CPU
		{D7E7C376-52F6-40C7-8447-C0F36D244194}.Release|Any CPU.Deploy.0 = Release|Any CPU
		{D7E7C376-52F6-40C7-8447-C0F36D244194}.Release|iPhone.ActiveCfg = Release|Any CPU
		{D7E7C376-52F6-40C7-8447-C0F36D244194}.Release|iPhone.Build.0 = Release|Any CPU
		{D7E7C376-52F6-40C7-8447-C0F36D244194}.Release|iPhone.Deploy.0 = Release|Any CPU
		{D7E7C376-52F6-40C7-8447-C0F36D244194}.Release|iPhoneSimulator.ActiveCfg = Release|Any CPU
		{D7E7C376-52F6-40C7-8447-C0F36D244194}.Release|iPhoneSimulator.Build.0 = Release|Any CPU
		{D7E7C376-52F6-40C7-8447-C0F36D244194}.Release|iPhoneSimulator.Deploy.0 = Release|Any CPU
	EndGlobalSection
	GlobalSection(SolutionProperties) = preSolution
		HideSolutionNode = FALSE
	EndGlobalSection
	GlobalSection(ExtensibilityGlobals) = postSolution
		SolutionGuid = {FF74B4F3-42DC-47A7-A4CE-C5E583072339}
	EndGlobalSection
EndGlobal
